
Microsoft Visual Studio Solution File, Format Version 12.00
# Visual Studio 2013
VisualStudioVersion = 12.0.30723.0
MinimumVisualStudioVersion = 10.0.40219.1
Project("{FAE04EC0-301F-11D3-BF4B-00C04F79EFBC}") = "CoffeeCompany.Models", "CoffeeCompany.Models\CoffeeCompany.Models.csproj", "{483473D9-F9FA-40DB-BF74-52808A9214AE}"
EndProject
Project("{FAE04EC0-301F-11D3-BF4B-00C04F79EFBC}") = "CoffeeCompany.Data", "CoffeeCompany.Data\CoffeeCompany.Data.csproj", "{7BDB818E-05B9-4BBF-B39C-571571950937}"
EndProject
Project("{FAE04EC0-301F-11D3-BF4B-00C04F79EFBC}") = "CoffeeCompany.ConsoleClient", "CoffeeCompany.ConsoleClient\CoffeeCompany.ConsoleClient.csproj", "{72952177-7F8D-4DD7-ACD7-484A19AC1E31}"
EndProject
Project("{FAE04EC0-301F-11D3-BF4B-00C04F79EFBC}") = "CoffeeCompany.SQLite.Data", "CoffeeCompany.SQLite.Data\CoffeeCompany.SQLite.Data.csproj", "{366635E3-0DE7-4F3F-BBAA-78E6FC465C82}"
EndProject
Project("{FAE04EC0-301F-11D3-BF4B-00C04F79EFBC}") = "CoffeeCompany.SQLite.Loader", "CoffeeCompany.SQLite.Loader\CoffeeCompany.SQLite.Loader.csproj", "{3E7583C6-3B99-4AAD-83FF-F860E949B3BA}"
EndProject
Project("{FAE04EC0-301F-11D3-BF4B-00C04F79EFBC}") = "CoffeeCompany.SQLite.Models", "CoffeeCompany.SQLite.Models\CoffeeCompany.SQLite.Models.csproj", "{9556A9F7-0970-4E4F-BB7B-D7A21CC5EB78}"
EndProject
Project("{FAE04EC0-301F-11D3-BF4B-00C04F79EFBC}") = "CoffeeCompany.MongoDb.Loader", "CoffeeCompany.MongoDb.Loader\CoffeeCompany.MongoDb.Loader.csproj", "{8D2D1249-1441-4755-A967-42EFFAA166FD}"
EndProject
Project("{FAE04EC0-301F-11D3-BF4B-00C04F79EFBC}") = "CoffeeCompany.MySQL.Manager", "CoffeeCompany.MySQL.Manager\CoffeeCompany.MySQL.Manager.csproj", "{19924908-D38D-4D3D-BFF5-735939B995A5}"
EndProject
Project("{FAE04EC0-301F-11D3-BF4B-00C04F79EFBC}") = "CoffeeCompany.MySQL.Models", "CoffeeCompany.MySQL.Models\CoffeeCompany.MySQL.Models.csproj", "{5A2D6EE4-DEB0-4FF6-A8C8-34AD48EA4DE4}"
EndProject
Global
	GlobalSection(SolutionConfigurationPlatforms) = preSolution
		Debug|Any CPU = Debug|Any CPU
		Release|Any CPU = Release|Any CPU
	EndGlobalSection
	GlobalSection(ProjectConfigurationPlatforms) = postSolution
		{483473D9-F9FA-40DB-BF74-52808A9214AE}.Debug|Any CPU.ActiveCfg = Debug|Any CPU
		{483473D9-F9FA-40DB-BF74-52808A9214AE}.Debug|Any CPU.Build.0 = Debug|Any CPU
		{483473D9-F9FA-40DB-BF74-52808A9214AE}.Release|Any CPU.ActiveCfg = Release|Any CPU
		{483473D9-F9FA-40DB-BF74-52808A9214AE}.Release|Any CPU.Build.0 = Release|Any CPU
		{7BDB818E-05B9-4BBF-B39C-571571950937}.Debug|Any CPU.ActiveCfg = Debug|Any CPU
		{7BDB818E-05B9-4BBF-B39C-571571950937}.Debug|Any CPU.Build.0 = Debug|Any CPU
		{7BDB818E-05B9-4BBF-B39C-571571950937}.Release|Any CPU.ActiveCfg = Release|Any CPU
		{7BDB818E-05B9-4BBF-B39C-571571950937}.Release|Any CPU.Build.0 = Release|Any CPU
		{72952177-7F8D-4DD7-ACD7-484A19AC1E31}.Debug|Any CPU.ActiveCfg = Debug|Any CPU
		{72952177-7F8D-4DD7-ACD7-484A19AC1E31}.Debug|Any CPU.Build.0 = Debug|Any CPU
		{72952177-7F8D-4DD7-ACD7-484A19AC1E31}.Release|Any CPU.ActiveCfg = Release|Any CPU
		{72952177-7F8D-4DD7-ACD7-484A19AC1E31}.Release|Any CPU.Build.0 = Release|Any CPU
		{366635E3-0DE7-4F3F-BBAA-78E6FC465C82}.Debug|Any CPU.ActiveCfg = Debug|Any CPU
		{366635E3-0DE7-4F3F-BBAA-78E6FC465C82}.Debug|Any CPU.Build.0 = Debug|Any CPU
		{366635E3-0DE7-4F3F-BBAA-78E6FC465C82}.Release|Any CPU.ActiveCfg = Release|Any CPU
		{366635E3-0DE7-4F3F-BBAA-78E6FC465C82}.Release|Any CPU.Build.0 = Release|Any CPU
		{3E7583C6-3B99-4AAD-83FF-F860E949B3BA}.Debug|Any CPU.ActiveCfg = Debug|Any CPU
		{3E7583C6-3B99-4AAD-83FF-F860E949B3BA}.Debug|Any CPU.Build.0 = Debug|Any CPU
		{3E7583C6-3B99-4AAD-83FF-F860E949B3BA}.Release|Any CPU.ActiveCfg = Release|Any CPU
		{3E7583C6-3B99-4AAD-83FF-F860E949B3BA}.Release|Any CPU.Build.0 = Release|Any CPU
		{9556A9F7-0970-4E4F-BB7B-D7A21CC5EB78}.Debug|Any CPU.ActiveCfg = Debug|Any CPU
		{9556A9F7-0970-4E4F-BB7B-D7A21CC5EB78}.Debug|Any CPU.Build.0 = Debug|Any CPU
		{9556A9F7-0970-4E4F-BB7B-D7A21CC5EB78}.Release|Any CPU.ActiveCfg = Release|Any CPU
		{9556A9F7-0970-4E4F-BB7B-D7A21CC5EB78}.Release|Any CPU.Build.0 = Release|Any CPU
		{8D2D1249-1441-4755-A967-42EFFAA166FD}.Debug|Any CPU.ActiveCfg = Debug|Any CPU
		{8D2D1249-1441-4755-A967-42EFFAA166FD}.Debug|Any CPU.Build.0 = Debug|Any CPU
		{8D2D1249-1441-4755-A967-42EFFAA166FD}.Release|Any CPU.ActiveCfg = Release|Any CPU
		{8D2D1249-1441-4755-A967-42EFFAA166FD}.Release|Any CPU.Build.0 = Release|Any CPU
		{19924908-D38D-4D3D-BFF5-735939B995A5}.Debug|Any CPU.ActiveCfg = Debug|Any CPU
		{19924908-D38D-4D3D-BFF5-735939B995A5}.Debug|Any CPU.Build.0 = Debug|Any CPU
		{19924908-D38D-4D3D-BFF5-735939B995A5}.Release|Any CPU.ActiveCfg = Release|Any CPU
		{19924908-D38D-4D3D-BFF5-735939B995A5}.Release|Any CPU.Build.0 = Release|Any CPU
		{5A2D6EE4-DEB0-4FF6-A8C8-34AD48EA4DE4}.Debug|Any CPU.ActiveCfg = Debug|Any CPU
		{5A2D6EE4-DEB0-4FF6-A8C8-34AD48EA4DE4}.Debug|Any CPU.Build.0 = Debug|Any CPU
		{5A2D6EE4-DEB0-4FF6-A8C8-34AD48EA4DE4}.Release|Any CPU.ActiveCfg = Release|Any CPU
		{5A2D6EE4-DEB0-4FF6-A8C8-34AD48EA4DE4}.Release|Any CPU.Build.0 = Release|Any CPU
	EndGlobalSection
	GlobalSection(SolutionProperties) = preSolution
		HideSolutionNode = FALSE
	EndGlobalSection
EndGlobal
